#MicroXplorer Configuration settings - do not modify
FATFS.IPParameters=_USE_BUFF_WO_ALIGNMENT,_USE_ERASE
FATFS._USE_BUFF_WO_ALIGNMENT=2
FATFS._USE_ERASE=0
FREERTOS.BinarySemaphores01=DistSyncBinarySem,Dynamic,NULL
FREERTOS.FootprintOK=true
FREERTOS.IPParameters=Tasks01,Queues01,FootprintOK,configTOTAL_HEAP_SIZE,BinarySemaphores01,configUSE_ALTERNATIVE_API
FREERTOS.Queues01=debugQueue,1024,float,NULL,Dynamic,NULL,NULL;BuzzerQueue,5,uint8_t,NULL,Dynamic,NULL,NULL;DistQueue,16,uint16_t,NULL,Dynamic,NULL,NULL
FREERTOS.Tasks01=defaultTask,0,128,StartDefaultTask,Default,NULL,Dynamic,NULL,NULL;IMUTask,0,1024,ReadIMU,As external,NULL,Dynamic,NULL,NULL;DebugTask,-3,1024,WriteDebug,As external,NULL,Dynamic,NULL,NULL;PWMTask,0,1024,SetPWMOutput,As external,NULL,Dynamic,NULL,NULL;BuzzerTask,-1,1024,RingBuzzer,As external,NULL,Dynamic,NULL,NULL;USDistMeter,0,1024,GetDistance,As external,NULL,Dynamic,NULL,NULL
FREERTOS.configTOTAL_HEAP_SIZE=131072
FREERTOS.configUSE_ALTERNATIVE_API=0
File.Version=6
I2C1.IPParameters=OwnAddress2Masks
I2C1.OwnAddress2Masks=I2C_OA2_NOMASK
KeepUserPlacement=false
Mcu.Family=STM32F7
Mcu.IP0=CORTEX_M7
Mcu.IP1=FATFS
Mcu.IP10=USART1
Mcu.IP2=FREERTOS
Mcu.IP3=I2C1
Mcu.IP4=NVIC
Mcu.IP5=RCC
Mcu.IP6=SYS
Mcu.IP7=TIM2
Mcu.IP8=TIM3
Mcu.IP9=UART7
Mcu.IPNb=11
Mcu.Name=STM32F767Z(G-I)Tx
Mcu.Package=LQFP144
Mcu.Pin0=PF7
Mcu.Pin1=PA0/WKUP
Mcu.Pin10=PA8
Mcu.Pin11=PA9
Mcu.Pin12=PB7
Mcu.Pin13=PB8
Mcu.Pin14=PB9
Mcu.Pin15=VP_FATFS_VS_Generic
Mcu.Pin16=VP_FREERTOS_VS_ENABLE
Mcu.Pin17=VP_SYS_VS_Systick
Mcu.Pin2=PA1
Mcu.Pin3=PA2
Mcu.Pin4=PA3
Mcu.Pin5=PA6
Mcu.Pin6=PE7
Mcu.Pin7=PE8
Mcu.Pin8=PB14
Mcu.Pin9=PB15
Mcu.PinsNb=18
Mcu.UserConstants=
Mcu.UserName=STM32F767ZITx
MxCube.Version=4.20.0
MxDb.Version=DB.4.0.200
NVIC.BusFault_IRQn=true\:0\:0\:false\:false\:true\:false
NVIC.DebugMonitor_IRQn=true\:0\:0\:false\:false\:true\:false
NVIC.HardFault_IRQn=true\:0\:0\:false\:false\:true\:false
NVIC.MemoryManagement_IRQn=true\:0\:0\:false\:false\:true\:false
NVIC.NonMaskableInt_IRQn=true\:0\:0\:false\:false\:true\:false
NVIC.PendSV_IRQn=true\:15\:0\:false\:false\:false\:true
NVIC.PriorityGroup=NVIC_PRIORITYGROUP_4
NVIC.SVCall_IRQn=true\:0\:0\:false\:false\:false\:false
NVIC.SysTick_IRQn=true\:15\:0\:false\:false\:true\:true
NVIC.UART7_IRQn=true\:5\:0\:true\:false\:true\:true
NVIC.UsageFault_IRQn=true\:0\:0\:false\:false\:true\:false
PA0/WKUP.Signal=S_TIM2_CH1_ETR
PA1.Signal=S_TIM2_CH2
PA2.Signal=S_TIM2_CH3
PA3.Signal=S_TIM2_CH4
PA6.Signal=S_TIM3_CH1
PA8.Mode=Synchronous
PA8.Signal=USART1_CK
PA9.Mode=Synchronous
PA9.Signal=USART1_TX
PB14.Locked=true
PB14.Signal=GPIO_Output
PB15.Mode=Synchronous
PB15.Signal=USART1_RX
PB7.Locked=true
PB7.Signal=GPIO_Output
PB8.Locked=true
PB8.Mode=I2C
PB8.Signal=I2C1_SCL
PB9.Mode=I2C
PB9.Signal=I2C1_SDA
PCC.Checker=false
PCC.Line=STM32F7x7
PCC.MCU=STM32F767Z(G-I)Tx
PCC.MXVersion=4.20.0
PCC.PartNumber=STM32F767ZITx
PCC.Seq0=0
PCC.Series=STM32F7
PCC.Temperature=25
PCC.Vdd=3.3
PE7.Locked=true
PE7.Mode=Asynchronous
PE7.Signal=UART7_RX
PE8.Locked=true
PE8.Signal=GPIO_Output
PF7.Mode=Asynchronous
PF7.Signal=UART7_TX
ProjectManager.AskForMigrate=true
ProjectManager.BackupPrevious=false
ProjectManager.CompilerOptimize=2
ProjectManager.ComputerToolchain=false
ProjectManager.CoupleFile=false
ProjectManager.CustomerFirmwarePackage=
ProjectManager.DefaultFWLocation=true
ProjectManager.DeletePrevious=true
ProjectManager.DeviceId=STM32F767ZITx
ProjectManager.FirmwarePackage=STM32Cube FW_F7 V1.6.0
ProjectManager.FreePins=false
ProjectManager.HalAssertFull=false
ProjectManager.HeapSize=0x200
ProjectManager.KeepUserCode=true
ProjectManager.LastFirmware=true
ProjectManager.LibraryCopy=1
ProjectManager.PreviousToolchain=SW4STM32
ProjectManager.ProjectBuild=false
ProjectManager.ProjectFileName=Copter2MX.ioc
ProjectManager.ProjectName=Copter2MX
ProjectManager.StackSize=0x400
ProjectManager.TargetToolchain=SW4STM32
ProjectManager.ToolChainLocation=\\C\:\\Users\\Dani\\Documents\\copter2\\
ProjectManager.UnderRoot=true
ProjectManager.functionlistsort=1-MX_GPIO_Init-GPIO-false-HAL,2-SystemClock_Config-RCC-false-HAL,3-MX_FATFS_Init-FATFS-false-HAL,4-MX_I2C1_Init-I2C1-false-HAL,5-MX_USART1_Init-USART1-false-HAL,6-MX_TIM2_Init-TIM2-false-HAL,7-MX_TIM3_Init-TIM3-false-HAL,8-MX_UART7_Init-UART7-false-HAL
RCC.CECEnable=false
RCC.CECFreq_Value=32786.88524590164
RCC.ClockTypeHCLK=RCC_CLOCKTYPE_HCLK
RCC.ClockTypePCLK1=RCC_CLOCKTYPE_PCLK1
RCC.ClockTypePCLK2=RCC_CLOCKTYPE_PCLK2
RCC.ClockTypeSysClk=RCC_CLOCKTYPE_SYSCLK
RCC.DFSDMFreq_Value=16000000
RCC.EnableHSE=false
RCC.EnableHSERTCDevisor=false
RCC.EnableLSE=false
RCC.EnableLSERTC=false
RCC.EnbaleCSS=false
RCC.ExtClockEnable=false
RCC.FamilyName=M
RCC.HSEState=RCC_HSE_OFF
RCC.HSE_VALUE=25000000
RCC.HSIState=RCC_HSI_ON
RCC.HSI_VALUE=16000000
RCC.I2C1Enable=true
RCC.I2C2Enable=false
RCC.I2C3Enable=false
RCC.I2C4Enable=false
RCC.I2SEnable=false
RCC.I2SFreq_Value=96000000
RCC.IPParameters=CECEnable,CECFreq_Value,ClockTypeHCLK,ClockTypePCLK1,ClockTypePCLK2,ClockTypeSysClk,DFSDMFreq_Value,EnableHSE,EnableHSERTCDevisor,EnableLSE,EnableLSERTC,EnbaleCSS,ExtClockEnable,FamilyName,HSEState,HSE_VALUE,HSIState,HSI_VALUE,I2C1Enable,I2C2Enable,I2C3Enable,I2C4Enable,I2SEnable,I2SFreq_Value,LCDEnable,LCDTFTFreq_Value,LPTIM1Enable,LSE_VALUE,LSIState,LSI_VALUE,MCO1OutPutEnable,MCO2I2SEnable,MCO2OutPutEnable,OscillatorTypeHSE,OscillatorTypeHSI,OscillatorTypeLSI,PLLCLKFreq_Value,PLLI2SPCLKFreq_Value,PLLI2SQCLKFreq_Value,PLLI2SRCLKFreq_Value,PLLQCLKFreq_Value,PLLSAIPCLKFreq_Value,PLLSAIQCLKFreq_Value,PLLSAIRCLKFreq_Value,PLLSAIoutputFreq_Value,PLLState,RCC_PERIPHCLK_I2C1Var,RCC_PERIPHCLK_UART7Var,RCC_PERIPHCLK_USART1Var,RNGFreq_Value,RTCEnable,SAI1Enable,SAI1Freq_Value,SAI2Enable,SAI2Freq_Value,SDMMC1Enable,SDMMC2Freq_Value,SDMMCFreq_Value,SPDIFEnable,SPDIFRXFreq_Value,UART4Enable,UART5Enable,UART7Enable,UART8Enable,USART1Enable,USART2Enable,USART3Enable,USART6Enable,USBEnable,USBFreq_Value,VCOI2SOutputFreq_Value,VCOInputFreq_Value,VCOOutputFreq_Value,VCOSAIOutputFreq_Value
RCC.LCDEnable=false
RCC.LCDTFTFreq_Value=48000000
RCC.LPTIM1Enable=false
RCC.LSE_VALUE=32768
RCC.LSIState=RCC_LSI_OFF
RCC.LSI_VALUE=32000
RCC.MCO1OutPutEnable=false
RCC.MCO2I2SEnable=false
RCC.MCO2OutPutEnable=false
RCC.OscillatorTypeHSE=
RCC.OscillatorTypeHSI=RCC_OSCILLATORTYPE_HSI
RCC.OscillatorTypeLSI=
RCC.PLLCLKFreq_Value=96000000
RCC.PLLI2SPCLKFreq_Value=96000000
RCC.PLLI2SQCLKFreq_Value=96000000
RCC.PLLI2SRCLKFreq_Value=96000000
RCC.PLLQCLKFreq_Value=96000000
RCC.PLLSAIPCLKFreq_Value=96000000
RCC.PLLSAIQCLKFreq_Value=96000000
RCC.PLLSAIRCLKFreq_Value=96000000
RCC.PLLSAIoutputFreq_Value=96000000
RCC.PLLState=RCC_PLL_OFF
RCC.RCC_PERIPHCLK_I2C1Var=RCC_PERIPHCLK_I2C1
RCC.RCC_PERIPHCLK_UART7Var=RCC_PERIPHCLK_UART7
RCC.RCC_PERIPHCLK_USART1Var=RCC_PERIPHCLK_USART1
RCC.RNGFreq_Value=96000000
RCC.RTCEnable=false
RCC.SAI1Enable=false
RCC.SAI1Freq_Value=96000000
RCC.SAI2Enable=false
RCC.SAI2Freq_Value=96000000
RCC.SDMMC1Enable=false
RCC.SDMMC2Freq_Value=16000000
RCC.SDMMCFreq_Value=16000000
RCC.SPDIFEnable=false
RCC.SPDIFRXFreq_Value=96000000
RCC.UART4Enable=false
RCC.UART5Enable=false
RCC.UART7Enable=true
RCC.UART8Enable=false
RCC.USART1Enable=true
RCC.USART2Enable=false
RCC.USART3Enable=false
RCC.USART6Enable=false
RCC.USBEnable=false
RCC.USBFreq_Value=96000000
RCC.VCOI2SOutputFreq_Value=192000000
RCC.VCOInputFreq_Value=1000000
RCC.VCOOutputFreq_Value=192000000
RCC.VCOSAIOutputFreq_Value=192000000
SH.S_TIM2_CH1_ETR.0=TIM2_CH1,PWM Generation1 CH1
SH.S_TIM2_CH1_ETR.ConfNb=1
SH.S_TIM2_CH2.0=TIM2_CH2,PWM Generation2 CH2
SH.S_TIM2_CH2.ConfNb=1
SH.S_TIM2_CH3.0=TIM2_CH3,PWM Generation3 CH3
SH.S_TIM2_CH3.ConfNb=1
SH.S_TIM2_CH4.0=TIM2_CH4,PWM Generation4 CH4
SH.S_TIM2_CH4.ConfNb=1
SH.S_TIM3_CH1.0=TIM3_CH1,PWM Generation1 CH1
SH.S_TIM3_CH1.ConfNb=1
TIM2.Channel-PWM\ Generation1\ CH1=TIM_CHANNEL_1
TIM2.Channel-PWM\ Generation2\ CH2=TIM_CHANNEL_2
TIM2.Channel-PWM\ Generation3\ CH3=TIM_CHANNEL_3
TIM2.Channel-PWM\ Generation4\ CH4=TIM_CHANNEL_4
TIM2.ClearChannel1=
TIM2.ClearInputState=ENABLE
TIM2.IPParameters=Channel-PWM Generation2 CH2,Channel-PWM Generation3 CH3,Channel-PWM Generation4 CH4,ClearInputState,ClearChannel1,Channel-PWM Generation1 CH1
TIM3.Channel-PWM\ Generation1\ CH1=TIM_CHANNEL_1
TIM3.ClearChannel1=
TIM3.ClearInputState=ENABLE
TIM3.IPParameters=Period,ClearInputState,ClearChannel1,Channel-PWM Generation1 CH1
TIM3.Period=15999
UART7.AutoBaudRateEnableParam=UART_ADVFEATURE_AUTOBAUDRATE_DISABLE
UART7.BaudRate=9600
UART7.DataInvertParam=UART_ADVFEATURE_DATAINV_DISABLE
UART7.HwFlowCtl-Asynchronous=UART_HWCONTROL_NONE
UART7.IPParameters=WordLength,Mode,RxPinLevelInvertParam,DataInvertParam,AutoBaudRateEnableParam,BaudRate,HwFlowCtl-Asynchronous
UART7.Mode=MODE_RX
UART7.RxPinLevelInvertParam=UART_ADVFEATURE_RXINV_ENABLE
UART7.WordLength=WORDLENGTH_8B
USART1.IPParameters=VirtualMode-Synchronous
USART1.VirtualMode-Synchronous=VM_SYNC
VP_FATFS_VS_Generic.Mode=User_defined
VP_FATFS_VS_Generic.Signal=FATFS_VS_Generic
VP_FREERTOS_VS_ENABLE.Mode=Enabled
VP_FREERTOS_VS_ENABLE.Signal=FREERTOS_VS_ENABLE
VP_SYS_VS_Systick.Mode=SysTick
VP_SYS_VS_Systick.Signal=SYS_VS_Systick
board=Copter2MX
